{
  "name": "reverse-client",
  "version": "0.2.0",
  "lockfileVersion": 1,
  "requires": true,
  "dependencies": {
    "@iterables/chain": {
      "version": "1.0.1",
      "resolved": "https://registry.npmjs.org/@iterables/chain/-/chain-1.0.1.tgz",
      "integrity": "sha1-m2U4a9E6fPdD4qzJKzVA25Kzp7g=",
      "dev": true
    },
    "@iterables/filter": {
      "version": "1.0.2",
      "resolved": "https://registry.npmjs.org/@iterables/filter/-/filter-1.0.2.tgz",
      "integrity": "sha1-57hzdNLJs9viDRTmoW8cHJHym3w=",
      "dev": true
    },
    "@sets/intersection": {
      "version": "1.0.1",
      "resolved": "https://registry.npmjs.org/@sets/intersection/-/intersection-1.0.1.tgz",
      "integrity": "sha1-98Dk8QZ3s7+zdmGPWTocyF3PDpU=",
      "dev": true,
      "requires": {
        "@iterables/chain": "^1.0.1",
        "@iterables/filter": "^1.0.2"
      }
    },
    "debug": {
      "version": "2.6.9",
      "resolved": "https://registry.npmjs.org/debug/-/debug-2.6.9.tgz",
      "integrity": "sha512-bC7ElrdJaJnPbAP+1EotYvqZsb3ecl5wi6Bfi6BJTUcNowp6cvspg0jXznRTKDjm/E7AdgFBVeAPVMNcKGsHMA==",
      "requires": {
        "ms": "2.0.0"
      }
    },
    "iconv-lite": {
      "version": "0.4.24",
      "resolved": "https://registry.npmjs.org/iconv-lite/-/iconv-lite-0.4.24.tgz",
      "integrity": "sha512-v3MXnZAcvnywkTUEZomIActle7RXXeedOR31wwl7VlyoXO4Qi9arvSenNQWne1TcRwhCL1HwLI21bEqdpj8/rA==",
      "requires": {
        "safer-buffer": ">= 2.1.2 < 3"
      }
    },
    "ms": {
      "version": "2.0.0",
      "resolved": "https://registry.npmjs.org/ms/-/ms-2.0.0.tgz",
      "integrity": "sha1-VgiurfwAvmwpAd9fmGF4jeDVl8g="
    },
    "needle": {
      "version": "2.2.4",
      "resolved": "https://registry.npmjs.org/needle/-/needle-2.2.4.tgz",
      "integrity": "sha512-HyoqEb4wr/rsoaIDfTH2aVL9nWtQqba2/HvMv+++m8u0dz808MaagKILxtfeSN7QU7nvbQ79zk3vYOJp9zsNEA==",
      "requires": {
        "debug": "^2.1.2",
        "iconv-lite": "^0.4.4",
        "sax": "^1.2.4"
      }
    },
    "quotemeta": {
      "version": "0.0.0",
      "resolved": "https://registry.npmjs.org/quotemeta/-/quotemeta-0.0.0.tgz",
      "integrity": "sha1-UdOgbuD81uO1AdvSiQQ1Gtelo4w=",
      "dev": true
    },
    "reverse": {
      "version": "4.0.1",
      "resolved": "https://registry.npmjs.org/reverse/-/reverse-4.0.1.tgz",
      "integrity": "sha512-bIYh8P/G/3WZFaKmdkalAotBoSN8ZJn8UPlkCLQqr30Hzb8Vf07zVBbd2DKo2NBr7hO/+zMFEHi9tTdfrWL3gQ==",
      "dev": true,
      "requires": {
        "@sets/intersection": "^1.0.0",
        "quotemeta": "0.0.0"
      }
    },
    "safer-buffer": {
      "version": "2.1.2",
      "resolved": "https://registry.npmjs.org/safer-buffer/-/safer-buffer-2.1.2.tgz",
      "integrity": "sha512-YZo3K82SD7Riyi0E1EQPojLz7kpepnSQI9IyPbHHg1XXXevb5dJI7tpyN2ADxGcQbHG7vcyRHk0cbwqcQriUtg=="
    },
    "sax": {
      "version": "1.2.4",
      "resolved": "https://registry.npmjs.org/sax/-/sax-1.2.4.tgz",
      "integrity": "sha512-NqVDv9TpANUjFm0N8uM5GxL36UgKi9/atZw+x7YFnQ8ckwFGKrl4xX4yWtrey3UJm5nP1kUbnYgLopqWNSRhWw=="
    }
  }
}
